// !$*UTF8*$!
{
	archiveVersion = 1;
	classes = {
	};
	objectVersion = 56;
	objects = {

/* Begin PBXBuildFile section */
		970F0FE629AA8E6D00C459B7 /* People.swift in Sources */ = {isa = PBXBuildFile; fileRef = 970F0FE529AA8E6D00C459B7 /* People.swift */; };
		970F0FE929AA930A00C459B7 /* Peoples.swift in Sources */ = {isa = PBXBuildFile; fileRef = 970F0FE829AA930A00C459B7 /* Peoples.swift */; };
		978556F929A92EC9009B5FD3 /* SwiftClassApp.swift in Sources */ = {isa = PBXBuildFile; fileRef = 978556F829A92EC9009B5FD3 /* SwiftClassApp.swift */; };
		978556FB29A92EC9009B5FD3 /* ContentView.swift in Sources */ = {isa = PBXBuildFile; fileRef = 978556FA29A92EC9009B5FD3 /* ContentView.swift */; };
		978556FD29A92ECA009B5FD3 /* Assets.xcassets in Resources */ = {isa = PBXBuildFile; fileRef = 978556FC29A92ECA009B5FD3 /* Assets.xcassets */; };
		9785570029A92ECA009B5FD3 /* Preview Assets.xcassets in Resources */ = {isa = PBXBuildFile; fileRef = 978556FF29A92ECA009B5FD3 /* Preview Assets.xcassets */; };
		9785570B29A92ECA009B5FD3 /* SwiftClassTests.swift in Sources */ = {isa = PBXBuildFile; fileRef = 9785570A29A92ECA009B5FD3 /* SwiftClassTests.swift */; };
		9785571529A92ECA009B5FD3 /* SwiftClassUITests.swift in Sources */ = {isa = PBXBuildFile; fileRef = 9785571429A92ECA009B5FD3 /* SwiftClassUITests.swift */; };
		9785571729A92ECA009B5FD3 /* SwiftClassUITestsLaunchTests.swift in Sources */ = {isa = PBXBuildFile; fileRef = 9785571629A92ECA009B5FD3 /* SwiftClassUITestsLaunchTests.swift */; };
		9785572429A975B9009B5FD3 /* Car.swift in Sources */ = {isa = PBXBuildFile; fileRef = 9785572329A975B9009B5FD3 /* Car.swift */; };
/* End PBXBuildFile section */

/* Begin PBXContainerItemProxy section */
		9785570729A92ECA009B5FD3 /* PBXContainerItemProxy */ = {
			isa = PBXContainerItemProxy;
			containerPortal = 978556ED29A92EC9009B5FD3 /* Project object */;
			proxyType = 1;
			remoteGlobalIDString = 978556F429A92EC9009B5FD3;
			remoteInfo = SwiftClass;
		};
		9785571129A92ECA009B5FD3 /* PBXContainerItemProxy */ = {
			isa = PBXContainerItemProxy;
			containerPortal = 978556ED29A92EC9009B5FD3 /* Project object */;
			proxyType = 1;
			remoteGlobalIDString = 978556F429A92EC9009B5FD3;
			remoteInfo = SwiftClass;
		};
/* End PBXContainerItemProxy section */

/* Begin PBXFileReference section */
		970F0FE529AA8E6D00C459B7 /* People.swift */ = {isa = PBXFileReference; lastKnownFileType = sourcecode.swift; path = People.swift; sourceTree = "<group>"; };
		970F0FE829AA930A00C459B7 /* Peoples.swift */ = {isa = PBXFileReference; lastKnownFileType = sourcecode.swift; path = Peoples.swift; sourceTree = "<group>"; };
		978556F529A92EC9009B5FD3 /* SwiftClass.app */ = {isa = PBXFileReference; explicitFileType = wrapper.application; includeInIndex = 0; path = SwiftClass.app; sourceTree = BUILT_PRODUCTS_DIR; };
		978556F829A92EC9009B5FD3 /* SwiftClassApp.swift */ = {isa = PBXFileReference; lastKnownFileType = sourcecode.swift; path = SwiftClassApp.swift; sourceTree = "<group>"; };
		978556FA29A92EC9009B5FD3 /* ContentView.swift */ = {isa = PBXFileReference; lastKnownFileType = sourcecode.swift; path = ContentView.swift; sourceTree = "<group>"; };
		978556FC29A92ECA009B5FD3 /* Assets.xcassets */ = {isa = PBXFileReference; lastKnownFileType = folder.assetcatalog; path = Assets.xcassets; sourceTree = "<group>"; };
		978556FF29A92ECA009B5FD3 /* Preview Assets.xcassets */ = {isa = PBXFileReference; lastKnownFileType = folder.assetcatalog; path = "Preview Assets.xcassets"; sourceTree = "<group>"; };
		9785570129A92ECA009B5FD3 /* SwiftClass.entitlements */ = {isa = PBXFileReference; lastKnownFileType = text.plist.entitlements; path = SwiftClass.entitlements; sourceTree = "<group>"; };
		9785570629A92ECA009B5FD3 /* SwiftClassTests.xctest */ = {isa = PBXFileReference; explicitFileType = wrapper.cfbundle; includeInIndex = 0; path = SwiftClassTests.xctest; sourceTree = BUILT_PRODUCTS_DIR; };
		9785570A29A92ECA009B5FD3 /* SwiftClassTests.swift */ = {isa = PBXFileReference; lastKnownFileType = sourcecode.swift; path = SwiftClassTests.swift; sourceTree = "<group>"; };
		9785571029A92ECA009B5FD3 /* SwiftClassUITests.xctest */ = {isa = PBXFileReference; explicitFileType = wrapper.cfbundle; includeInIndex = 0; path = SwiftClassUITests.xctest; sourceTree = BUILT_PRODUCTS_DIR; };
		9785571429A92ECA009B5FD3 /* SwiftClassUITests.swift */ = {isa = PBXFileReference; lastKnownFileType = sourcecode.swift; path = SwiftClassUITests.swift; sourceTree = "<group>"; };
		9785571629A92ECA009B5FD3 /* SwiftClassUITestsLaunchTests.swift */ = {isa = PBXFileReference; lastKnownFileType = sourcecode.swift; path = SwiftClassUITestsLaunchTests.swift; sourceTree = "<group>"; };
		9785572329A975B9009B5FD3 /* Car.swift */ = {isa = PBXFileReference; lastKnownFileType = sourcecode.swift; path = Car.swift; sourceTree = "<group>"; };
/* End PBXFileReference section */

/* Begin PBXFrameworksBuildPhase section */
		978556F229A92EC9009B5FD3 /* Frameworks */ = {
			isa = PBXFrameworksBuildPhase;
			buildActionMask = 2147483647;
			files = (
			);
			runOnlyForDeploymentPostprocessing = 0;
		};
		9785570329A92ECA009B5FD3 /* Frameworks */ = {
			isa = PBXFrameworksBuildPhase;
			buildActionMask = 2147483647;
			files = (
			);
			runOnlyForDeploymentPostprocessing = 0;
		};
		9785570D29A92ECA009B5FD3 /* Frameworks */ = {
			isa = PBXFrameworksBuildPhase;
			buildActionMask = 2147483647;
			files = (
			);
			runOnlyForDeploymentPostprocessing = 0;
		};
/* End PBXFrameworksBuildPhase section */

/* Begin PBXGroup section */
		970F0FE729AA92DA00C459B7 /* People */ = {
			isa = PBXGroup;
			children = (
				970F0FE529AA8E6D00C459B7 /* People.swift */,
				970F0FE829AA930A00C459B7 /* Peoples.swift */,
			);
			path = People;
			sourceTree = "<group>";
		};
		978556EC29A92EC9009B5FD3 = {
			isa = PBXGroup;
			children = (
				978556F729A92EC9009B5FD3 /* SwiftClass */,
				9785570929A92ECA009B5FD3 /* SwiftClassTests */,
				9785571329A92ECA009B5FD3 /* SwiftClassUITests */,
				978556F629A92EC9009B5FD3 /* Products */,
			);
			sourceTree = "<group>";
		};
		978556F629A92EC9009B5FD3 /* Products */ = {
			isa = PBXGroup;
			children = (
				978556F529A92EC9009B5FD3 /* SwiftClass.app */,
				9785570629A92ECA009B5FD3 /* SwiftClassTests.xctest */,
				9785571029A92ECA009B5FD3 /* SwiftClassUITests.xctest */,
			);
			name = Products;
			sourceTree = "<group>";
		};
		978556F729A92EC9009B5FD3 /* SwiftClass */ = {
			isa = PBXGroup;
			children = (
				970F0FE729AA92DA00C459B7 /* People */,
				978556F829A92EC9009B5FD3 /* SwiftClassApp.swift */,
				978556FA29A92EC9009B5FD3 /* ContentView.swift */,
				978556FC29A92ECA009B5FD3 /* Assets.xcassets */,
				9785570129A92ECA009B5FD3 /* SwiftClass.entitlements */,
				978556FE29A92ECA009B5FD3 /* Preview Content */,
				9785572329A975B9009B5FD3 /* Car.swift */,
			);
			path = SwiftClass;
			sourceTree = "<group>";
		};
		978556FE29A92ECA009B5FD3 /* Preview Content */ = {
			isa = PBXGroup;
			children = (
				978556FF29A92ECA009B5FD3 /* Preview Assets.xcassets */,
			);
			path = "Preview Content";
			sourceTree = "<group>";
		};
		9785570929A92ECA009B5FD3 /* SwiftClassTests */ = {
			isa = PBXGroup;
			children = (
				9785570A29A92ECA009B5FD3 /* SwiftClassTests.swift */,
			);
			path = SwiftClassTests;
			sourceTree = "<group>";
		};
		9785571329A92ECA009B5FD3 /* SwiftClassUITests */ = {
			isa = PBXGroup;
			children = (
				9785571429A92ECA009B5FD3 /* SwiftClassUITests.swift */,
				9785571629A92ECA009B5FD3 /* SwiftClassUITestsLaunchTests.swift */,
			);
			path = SwiftClassUITests;
			sourceTree = "<group>";
		};
/* End PBXGroup section */

/* Begin PBXNativeTarget section */
		978556F429A92EC9009B5FD3 /* SwiftClass */ = {
			isa = PBXNativeTarget;
			buildConfigurationList = 9785571A29A92ECA009B5FD3 /* Build configuration list for PBXNativeTarget "SwiftClass" */;
			buildPhases = (
				978556F129A92EC9009B5FD3 /* Sources */,
				978556F229A92EC9009B5FD3 /* Frameworks */,
				978556F329A92EC9009B5FD3 /* Resources */,
			);
			buildRules = (
			);
			dependencies = (
			);
			name = SwiftClass;
			productName = SwiftClass;
			productReference = 978556F529A92EC9009B5FD3 /* SwiftClass.app */;
			productType = "com.apple.product-type.application";
		};
		9785570529A92ECA009B5FD3 /* SwiftClassTests */ = {
			isa = PBXNativeTarget;
			buildConfigurationList = 9785571D29A92ECA009B5FD3 /* Build configuration list for PBXNativeTarget "SwiftClassTests" */;
			buildPhases = (
				9785570229A92ECA009B5FD3 /* Sources */,
				9785570329A92ECA009B5FD3 /* Frameworks */,
				9785570429A92ECA009B5FD3 /* Resources */,
			);
			buildRules = (
			);
			dependencies = (
				9785570829A92ECA009B5FD3 /* PBXTargetDependency */,
			);
			name = SwiftClassTests;
			productName = SwiftClassTests;
			productReference = 9785570629A92ECA009B5FD3 /* SwiftClassTests.xctest */;
			productType = "com.apple.product-type.bundle.unit-test";
		};
		9785570F29A92ECA009B5FD3 /* SwiftClassUITests */ = {
			isa = PBXNativeTarget;
			buildConfigurationList = 9785572029A92ECA009B5FD3 /* Build configuration list for PBXNativeTarget "SwiftClassUITests" */;
			buildPhases = (
				9785570C29A92ECA009B5FD3 /* Sources */,
				9785570D29A92ECA009B5FD3 /* Frameworks */,
				9785570E29A92ECA009B5FD3 /* Resources */,
			);
			buildRules = (
			);
			dependencies = (
				9785571229A92ECA009B5FD3 /* PBXTargetDependency */,
			);
			name = SwiftClassUITests;
			productName = SwiftClassUITests;
			productReference = 9785571029A92ECA009B5FD3 /* SwiftClassUITests.xctest */;
			productType = "com.apple.product-type.bundle.ui-testing";
		};
/* End PBXNativeTarget section */

/* Begin PBXProject section */
		978556ED29A92EC9009B5FD3 /* Project object */ = {
			isa = PBXProject;
			attributes = {
				BuildIndependentTargetsInParallel = 1;
				LastSwiftUpdateCheck = 1420;
				LastUpgradeCheck = 1420;
				TargetAttributes = {
					978556F429A92EC9009B5FD3 = {
						CreatedOnToolsVersion = 14.2;
					};
					9785570529A92ECA009B5FD3 = {
						CreatedOnToolsVersion = 14.2;
						TestTargetID = 978556F429A92EC9009B5FD3;
					};
					9785570F29A92ECA009B5FD3 = {
						CreatedOnToolsVersion = 14.2;
						TestTargetID = 978556F429A92EC9009B5FD3;
					};
				};
			};
			buildConfigurationList = 978556F029A92EC9009B5FD3 /* Build configuration list for PBXProject "SwiftClass" */;
			compatibilityVersion = "Xcode 14.0";
			developmentRegion = en;
			hasScannedForEncodings = 0;
			knownRegions = (
				en,
				Base,
			);
			mainGroup = 978556EC29A92EC9009B5FD3;
			productRefGroup = 978556F629A92EC9009B5FD3 /* Products */;
			projectDirPath = "";
			projectRoot = "";
			targets = (
				978556F429A92EC9009B5FD3 /* SwiftClass */,
				9785570529A92ECA009B5FD3 /* SwiftClassTests */,
				9785570F29A92ECA009B5FD3 /* SwiftClassUITests */,
			);
		};
/* End PBXProject section */

/* Begin PBXResourcesBuildPhase section */
		978556F329A92EC9009B5FD3 /* Resources */ = {
			isa = PBXResourcesBuildPhase;
			buildActionMask = 2147483647;
			files = (
				9785570029A92ECA009B5FD3 /* Preview Assets.xcassets in Resources */,
				978556FD29A92ECA009B5FD3 /* Assets.xcassets in Resources */,
			);
			runOnlyForDeploymentPostprocessing = 0;
		};
		9785570429A92ECA009B5FD3 /* Resources */ = {
			isa = PBXResourcesBuildPhase;
			buildActionMask = 2147483647;
			files = (
			);
			runOnlyForDeploymentPostprocessing = 0;
		};
		9785570E29A92ECA009B5FD3 /* Resources */ = {
			isa = PBXResourcesBuildPhase;
			buildActionMask = 2147483647;
			files = (
			);
			runOnlyForDeploymentPostprocessing = 0;
		};
/* End PBXResourcesBuildPhase section */

/* Begin PBXSourcesBuildPhase section */
		978556F129A92EC9009B5FD3 /* Sources */ = {
			isa = PBXSourcesBuildPhase;
			buildActionMask = 2147483647;
			files = (
				970F0FE929AA930A00C459B7 /* Peoples.swift in Sources */,
				970F0FE629AA8E6D00C459B7 /* People.swift in Sources */,
				978556FB29A92EC9009B5FD3 /* ContentView.swift in Sources */,
				978556F929A92EC9009B5FD3 /* SwiftClassApp.swift in Sources */,
				9785572429A975B9009B5FD3 /* Car.swift in Sources */,
			);
			runOnlyForDeploymentPostprocessing = 0;
		};
		9785570229A92ECA009B5FD3 /* Sources */ = {
			isa = PBXSourcesBuildPhase;
			buildActionMask = 2147483647;
			files = (
				9785570B29A92ECA009B5FD3 /* SwiftClassTests.swift in Sources */,
			);
			runOnlyForDeploymentPostprocessing = 0;
		};
		9785570C29A92ECA009B5FD3 /* Sources */ = {
			isa = PBXSourcesBuildPhase;
			buildActionMask = 2147483647;
			files = (
				9785571529A92ECA009B5FD3 /* SwiftClassUITests.swift in Sources */,
				9785571729A92ECA009B5FD3 /* SwiftClassUITestsLaunchTests.swift in Sources */,
			);
			runOnlyForDeploymentPostprocessing = 0;
		};
/* End PBXSourcesBuildPhase section */

/* Begin PBXTargetDependency section */
		9785570829A92ECA009B5FD3 /* PBXTargetDependency */ = {
			isa = PBXTargetDependency;
			target = 978556F429A92EC9009B5FD3 /* SwiftClass */;
			targetProxy = 9785570729A92ECA009B5FD3 /* PBXContainerItemProxy */;
		};
		9785571229A92ECA009B5FD3 /* PBXTargetDependency */ = {
			isa = PBXTargetDependency;
			target = 978556F429A92EC9009B5FD3 /* SwiftClass */;
			targetProxy = 9785571129A92ECA009B5FD3 /* PBXContainerItemProxy */;
		};
/* End PBXTargetDependency section */

/* Begin XCBuildConfiguration section */
		9785571829A92ECA009B5FD3 /* Debug */ = {
			isa = XCBuildConfiguration;
			buildSettings = {
				ALWAYS_SEARCH_USER_PATHS = NO;
				CLANG_ANALYZER_NONNULL = YES;
				CLANG_ANALYZER_NUMBER_OBJECT_CONVERSION = YES_AGGRESSIVE;
				CLANG_CXX_LANGUAGE_STANDARD = "gnu++20";
				CLANG_ENABLE_MODULES = YES;
				CLANG_ENABLE_OBJC_ARC = YES;
				CLANG_ENABLE_OBJC_WEAK = YES;
				CLANG_WARN_BLOCK_CAPTURE_AUTORELEASING = YES;
				CLANG_WARN_BOOL_CONVERSION = YES;
				CLANG_WARN_COMMA = YES;
				CLANG_WARN_CONSTANT_CONVERSION = YES;
				CLANG_WARN_DEPRECATED_OBJC_IMPLEMENTATIONS = YES;
				CLANG_WARN_DIRECT_OBJC_ISA_USAGE = YES_ERROR;
				CLANG_WARN_DOCUMENTATION_COMMENTS = YES;
				CLANG_WARN_EMPTY_BODY = YES;
				CLANG_WARN_ENUM_CONVERSION = YES;
				CLANG_WARN_INFINITE_RECURSION = YES;
				CLANG_WARN_INT_CONVERSION = YES;
				CLANG_WARN_NON_LITERAL_NULL_CONVERSION = YES;
				CLANG_WARN_OBJC_IMPLICIT_RETAIN_SELF = YES;
				CLANG_WARN_OBJC_LITERAL_CONVERSION = YES;
				CLANG_WARN_OBJC_ROOT_CLASS = YES_ERROR;
				CLANG_WARN_QUOTED_INCLUDE_IN_FRAMEWORK_HEADER = YES;
				CLANG_WARN_RANGE_LOOP_ANALYSIS = YES;
				CLANG_WARN_STRICT_PROTOTYPES = YES;
				CLANG_WARN_SUSPICIOUS_MOVE = YES;
				CLANG_WARN_UNGUARDED_AVAILABILITY = YES_AGGRESSIVE;
				CLANG_WARN_UNREACHABLE_CODE = YES;
				CLANG_WARN__DUPLICATE_METHOD_MATCH = YES;
				COPY_PHASE_STRIP = NO;
				DEBUG_INFORMATION_FORMAT = dwarf;
				ENABLE_STRICT_OBJC_MSGSEND = YES;
				ENABLE_TESTABILITY = YES;
				GCC_C_LANGUAGE_STANDARD = gnu11;
				GCC_DYNAMIC_NO_PIC = NO;
				GCC_NO_COMMON_BLOCKS = YES;
				GCC_OPTIMIZATION_LEVEL = 0;
				GCC_PREPROCESSOR_DEFINITIONS = (
					"DEBUG=1",
					"$(inherited)",
				);
				GCC_WARN_64_TO_32_BIT_CONVERSION = YES;
				GCC_WARN_ABOUT_RETURN_TYPE = YES_ERROR;
				GCC_WARN_UNDECLARED_SELECTOR = YES;
				GCC_WARN_UNINITIALIZED_AUTOS = YES_AGGRESSIVE;
				GCC_WARN_UNUSED_FUNCTION = YES;
				GCC_WARN_UNUSED_VARIABLE = YES;
				MACOSX_DEPLOYMENT_TARGET = 13.1;
				MTL_ENABLE_DEBUG_INFO = INCLUDE_SOURCE;
				MTL_FAST_MATH = YES;
				ONLY_ACTIVE_ARCH = YES;
				SDKROOT = macosx;
				SWIFT_ACTIVE_COMPILATION_CONDITIONS = DEBUG;
				SWIFT_OPTIMIZATION_LEVEL = "-Onone";
			};
			name = Debug;
		};
		9785571929A92ECA009B5FD3 /* Release */ = {
			isa = XCBuildConfiguration;
			buildSettings = {
				ALWAYS_SEARCH_USER_PATHS = NO;
				CLANG_ANALYZER_NONNULL = YES;
				CLANG_ANALYZER_NUMBER_OBJECT_CONVERSION = YES_AGGRESSIVE;
				CLANG_CXX_LANGUAGE_STANDARD = "gnu++20";
				CLANG_ENABLE_MODULES = YES;
				CLANG_ENABLE_OBJC_ARC = YES;
				CLANG_ENABLE_OBJC_WEAK = YES;
				CLANG_WARN_BLOCK_CAPTURE_AUTORELEASING = YES;
				CLANG_WARN_BOOL_CONVERSION = YES;
				CLANG_WARN_COMMA = YES;
				CLANG_WARN_CONSTANT_CONVERSION = YES;
				CLANG_WARN_DEPRECATED_OBJC_IMPLEMENTATIONS = YES;
				CLANG_WARN_DIRECT_OBJC_ISA_USAGE = YES_ERROR;
				CLANG_WARN_DOCUMENTATION_COMMENTS = YES;
				CLANG_WARN_EMPTY_BODY = YES;
				CLANG_WARN_ENUM_CONVERSION = YES;
				CLANG_WARN_INFINITE_RECURSION = YES;
				CLANG_WARN_INT_CONVERSION = YES;
				CLANG_WARN_NON_LITERAL_NULL_CONVERSION = YES;
				CLANG_WARN_OBJC_IMPLICIT_RETAIN_SELF = YES;
				CLANG_WARN_OBJC_LITERAL_CONVERSION = YES;
				CLANG_WARN_OBJC_ROOT_CLASS = YES_ERROR;
				CLANG_WARN_QUOTED_INCLUDE_IN_FRAMEWORK_HEADER = YES;
				CLANG_WARN_RANGE_LOOP_ANALYSIS = YES;
				CLANG_WARN_STRICT_PROTOTYPES = YES;
				CLANG_WARN_SUSPICIOUS_MOVE = YES;
				CLANG_WARN_UNGUARDED_AVAILABILITY = YES_AGGRESSIVE;
				CLANG_WARN_UNREACHABLE_CODE = YES;
				CLANG_WARN__DUPLICATE_METHOD_MATCH = YES;
				COPY_PHASE_STRIP = NO;
				DEBUG_INFORMATION_FORMAT = "dwarf-with-dsym";
				ENABLE_NS_ASSERTIONS = NO;
				ENABLE_STRICT_OBJC_MSGSEND = YES;
				GCC_C_LANGUAGE_STANDARD = gnu11;
				GCC_NO_COMMON_BLOCKS = YES;
				GCC_WARN_64_TO_32_BIT_CONVERSION = YES;
				GCC_WARN_ABOUT_RETURN_TYPE = YES_ERROR;
				GCC_WARN_UNDECLARED_SELECTOR = YES;
				GCC_WARN_UNINITIALIZED_AUTOS = YES_AGGRESSIVE;
				GCC_WARN_UNUSED_FUNCTION = YES;
				GCC_WARN_UNUSED_VARIABLE = YES;
				MACOSX_DEPLOYMENT_TARGET = 13.1;
				MTL_ENABLE_DEBUG_INFO = NO;
				MTL_FAST_MATH = YES;
				SDKROOT = macosx;
				SWIFT_COMPILATION_MODE = wholemodule;
				SWIFT_OPTIMIZATION_LEVEL = "-O";
			};
			name = Release;
		};
		9785571B29A92ECA009B5FD3 /* Debug */ = {
			isa = XCBuildConfiguration;
			buildSettings = {
				ASSETCATALOG_COMPILER_APPICON_NAME = AppIcon;
				ASSETCATALOG_COMPILER_GLOBAL_ACCENT_COLOR_NAME = AccentColor;
				CODE_SIGN_ENTITLEMENTS = SwiftClass/SwiftClass.entitlements;
				CODE_SIGN_STYLE = Automatic;
				COMBINE_HIDPI_IMAGES = YES;
				CURRENT_PROJECT_VERSION = 1;
				DEVELOPMENT_ASSET_PATHS = "\"SwiftClass/Preview Content\"";
				DEVELOPMENT_TEAM = 2FFS5V4S8H;
				ENABLE_HARDENED_RUNTIME = YES;
				ENABLE_PREVIEWS = YES;
				GENERATE_INFOPLIST_FILE = YES;
				INFOPLIST_KEY_NSHumanReadableCopyright = "";
				LD_RUNPATH_SEARCH_PATHS = (
					"$(inherited)",
					"@executable_path/../Frameworks",
				);
				MARKETING_VERSION = 1.0;
				PRODUCT_BUNDLE_IDENTIFIER = Thehappyprogrammer.SwiftClass;
				PRODUCT_NAME = "$(TARGET_NAME)";
				SWIFT_EMIT_LOC_STRINGS = YES;
				SWIFT_VERSION = 5.0;
			};
			name = Debug;
		};
		9785571C29A92ECA009B5FD3 /* Release */ = {
			isa = XCBuildConfiguration;
			buildSettings = {
				ASSETCATALOG_COMPILER_APPICON_NAME = AppIcon;
				ASSETCATALOG_COMPILER_GLOBAL_ACCENT_COLOR_NAME = AccentColor;
				CODE_SIGN_ENTITLEMENTS = SwiftClass/SwiftClass.entitlements;
				CODE_SIGN_STYLE = Automatic;
				COMBINE_HIDPI_IMAGES = YES;
				CURRENT_PROJECT_VERSION = 1;
				DEVELOPMENT_ASSET_PATHS = "\"SwiftClass/Preview Content\"";
				DEVELOPMENT_TEAM = 2FFS5V4S8H;
				ENABLE_HARDENED_RUNTIME = YES;
				ENABLE_PREVIEWS = YES;
				GENERATE_INFOPLIST_FILE = YES;
				INFOPLIST_KEY_NSHumanReadableCopyright = "";
				LD_RUNPATH_SEARCH_PATHS = (
					"$(inherited)",
					"@executable_path/../Frameworks",
				);
				MARKETING_VERSION = 1.0;
				PRODUCT_BUNDLE_IDENTIFIER = Thehappyprogrammer.SwiftClass;
				PRODUCT_NAME = "$(TARGET_NAME)";
				SWIFT_EMIT_LOC_STRINGS = YES;
				SWIFT_VERSION = 5.0;
			};
			name = Release;
		};
		9785571E29A92ECA009B5FD3 /* Debug */ = {
			isa = XCBuildConfiguration;
			buildSettings = {
				ALWAYS_EMBED_SWIFT_STANDARD_LIBRARIES = YES;
				BUNDLE_LOADER = "$(TEST_HOST)";
				CODE_SIGN_STYLE = Automatic;
				CURRENT_PROJECT_VERSION = 1;
				DEVELOPMENT_TEAM = 2FFS5V4S8H;
				GENERATE_INFOPLIST_FILE = YES;
				MACOSX_DEPLOYMENT_TARGET = 13.1;
				MARKETING_VERSION = 1.0;
				PRODUCT_BUNDLE_IDENTIFIER = Thehappyprogrammer.SwiftClassTests;
				PRODUCT_NAME = "$(TARGET_NAME)";
				SWIFT_EMIT_LOC_STRINGS = NO;
				SWIFT_VERSION = 5.0;
				TEST_HOST = "$(BUILT_PRODUCTS_DIR)/SwiftClass.app/$(BUNDLE_EXECUTABLE_FOLDER_PATH)/SwiftClass";
			};
			name = Debug;
		};
		9785571F29A92ECA009B5FD3 /* Release */ = {
			isa = XCBuildConfiguration;
			buildSettings = {
				ALWAYS_EMBED_SWIFT_STANDARD_LIBRARIES = YES;
				BUNDLE_LOADER = "$(TEST_HOST)";
				CODE_SIGN_STYLE = Automatic;
				CURRENT_PROJECT_VERSION = 1;
				DEVELOPMENT_TEAM = 2FFS5V4S8H;
				GENERATE_INFOPLIST_FILE = YES;
				MACOSX_DEPLOYMENT_TARGET = 13.1;
				MARKETING_VERSION = 1.0;
				PRODUCT_BUNDLE_IDENTIFIER = Thehappyprogrammer.SwiftClassTests;
				PRODUCT_NAME = "$(TARGET_NAME)";
				SWIFT_EMIT_LOC_STRINGS = NO;
				SWIFT_VERSION = 5.0;
				TEST_HOST = "$(BUILT_PRODUCTS_DIR)/SwiftClass.app/$(BUNDLE_EXECUTABLE_FOLDER_PATH)/SwiftClass";
			};
			name = Release;
		};
		9785572129A92ECA009B5FD3 /* Debug */ = {
			isa = XCBuildConfiguration;
			buildSettings = {
				ALWAYS_EMBED_SWIFT_STANDARD_LIBRARIES = YES;
				CODE_SIGN_STYLE = Automatic;
				CURRENT_PROJECT_VERSION = 1;
				DEVELOPMENT_TEAM = 2FFS5V4S8H;
				GENERATE_INFOPLIST_FILE = YES;
				MARKETING_VERSION = 1.0;
				PRODUCT_BUNDLE_IDENTIFIER = Thehappyprogrammer.SwiftClassUITests;
				PRODUCT_NAME = "$(TARGET_NAME)";
				SWIFT_EMIT_LOC_STRINGS = NO;
				SWIFT_VERSION = 5.0;
				TEST_TARGET_NAME = SwiftClass;
			};
			name = Debug;
		};
		9785572229A92ECA009B5FD3 /* Release */ = {
			isa = XCBuildConfiguration;
			buildSettings = {
				ALWAYS_EMBED_SWIFT_STANDARD_LIBRARIES = YES;
				CODE_SIGN_STYLE = Automatic;
				CURRENT_PROJECT_VERSION = 1;
				DEVELOPMENT_TEAM = 2FFS5V4S8H;
				GENERATE_INFOPLIST_FILE = YES;
				MARKETING_VERSION = 1.0;
				PRODUCT_BUNDLE_IDENTIFIER = Thehappyprogrammer.SwiftClassUITests;
				PRODUCT_NAME = "$(TARGET_NAME)";
				SWIFT_EMIT_LOC_STRINGS = NO;
				SWIFT_VERSION = 5.0;
				TEST_TARGET_NAME = SwiftClass;
			};
			name = Release;
		};
/* End XCBuildConfiguration section */

/* Begin XCConfigurationList section */
		978556F029A92EC9009B5FD3 /* Build configuration list for PBXProject "SwiftClass" */ = {
			isa = XCConfigurationList;
			buildConfigurations = (
				9785571829A92ECA009B5FD3 /* Debug */,
				9785571929A92ECA009B5FD3 /* Release */,
			);
			defaultConfigurationIsVisible = 0;
			defaultConfigurationName = Release;
		};
		9785571A29A92ECA009B5FD3 /* Build configuration list for PBXNativeTarget "SwiftClass" */ = {
			isa = XCConfigurationList;
			buildConfigurations = (
				9785571B29A92ECA009B5FD3 /* Debug */,
				9785571C29A92ECA009B5FD3 /* Release */,
			);
			defaultConfigurationIsVisible = 0;
			defaultConfigurationName = Release;
		};
		9785571D29A92ECA009B5FD3 /* Build configuration list for PBXNativeTarget "SwiftClassTests" */ = {
			isa = XCConfigurationList;
			buildConfigurations = (
				9785571E29A92ECA009B5FD3 /* Debug */,
				9785571F29A92ECA009B5FD3 /* Release */,
			);
			defaultConfigurationIsVisible = 0;
			defaultConfigurationName = Release;
		};
		9785572029A92ECA009B5FD3 /* Build configuration list for PBXNativeTarget "SwiftClassUITests" */ = {
			isa = XCConfigurationList;
			buildConfigurations = (
				9785572129A92ECA009B5FD3 /* Debug */,
				9785572229A92ECA009B5FD3 /* Release */,
			);
			defaultConfigurationIsVisible = 0;
			defaultConfigurationName = Release;
		};
/* End XCConfigurationList section */
	};
	rootObject = 978556ED29A92EC9009B5FD3 /* Project object */;
}
